
Microsoft Visual Studio Solution File, Format Version 12.00
# Visual Studio Version 16
VisualStudioVersion = 16.0.28922.388
MinimumVisualStudioVersion = 10.0.40219.1
Project("{9A19103F-16F7-4668-BE54-9A1E7A4F7556}") = "DAL", "DAL\DAL.csproj", "{58BDC7AA-EA00-4C14-B9B7-46CEE1521691}"
EndProject
Project("{9A19103F-16F7-4668-BE54-9A1E7A4F7556}") = "Shared", "Shared\Shared.csproj", "{DF03EF18-F786-4297-81D1-DDE60318AE39}"
EndProject
Project("{9A19103F-16F7-4668-BE54-9A1E7A4F7556}") = "TestsDAL-Integration", "TestsDAL\TestsDAL-Integration.csproj", "{7AEC3ADE-D43E-4758-8B57-10125D2CDC87}"
EndProject
Project("{2150E333-8FDC-42A3-9474-1A3956D46DE8}") = "Solution Items", "Solution Items", "{4584033D-F538-457D-AB20-588B537A7865}"
	ProjectSection(SolutionItems) = preProject
		clean.ps1 = clean.ps1
		CreateSpanishAppTablesData.sql = CreateSpanishAppTablesData.sql
		FolderProfile.pubxml = FolderProfile.pubxml
		insertBuildStatistics.ps1 = insertBuildStatistics.ps1
		JSTest.dll = JSTest.dll
		tgimbaNetCoreBuild.bat = tgimbaNetCoreBuild.bat
		Todo.txt = Todo.txt
		unzip.php = unzip.php
		webConfigPipeline.txt = webConfigPipeline.txt
	EndProjectSection
EndProject
Project("{9A19103F-16F7-4668-BE54-9A1E7A4F7556}") = "API", "API\API.csproj", "{7E8FA25C-A969-4229-BC9F-36BA4BD71187}"
EndProject
Project("{9A19103F-16F7-4668-BE54-9A1E7A4F7556}") = "TestsAPI-Integration", "TestAPI\TestsAPI-Integration.csproj", "{BA8F2896-10F0-41B8-B345-36C33983708B}"
EndProject
Project("{9A19103F-16F7-4668-BE54-9A1E7A4F7556}") = "TgimbaNetCoreWeb", "TgimbaNetCoreWeb\TgimbaNetCoreWeb.csproj", "{CF678192-CA9C-4ACD-B859-828F35EA5F8B}"
EndProject
Project("{9A19103F-16F7-4668-BE54-9A1E7A4F7556}") = "TestsTgimbaNetCoreWeb-Unit", "TestTgimbaNetCoreWeb\TestsTgimbaNetCoreWeb-Unit.csproj", "{BCE35BDF-40CC-4ACE-9E2C-BF8C412A0C8E}"
EndProject
Project("{9A19103F-16F7-4668-BE54-9A1E7A4F7556}") = "TestsShared-Unit", "TestShared\TestsShared-Unit.csproj", "{1DDCF869-166F-46EA-ADAB-C3168E96B788}"
EndProject
Project("{9A19103F-16F7-4668-BE54-9A1E7A4F7556}") = "TestJavaScriptV2-Unit", "TestJavaScriptV2\TestJavaScriptV2-Unit.csproj", "{234F724E-F026-4475-BBFB-924E4F7D4586}"
EndProject
Project("{9A19103F-16F7-4668-BE54-9A1E7A4F7556}") = "TgimbaNetCoreWebShared", "TgimbaNetCoreWebShared\TgimbaNetCoreWebShared.csproj", "{81334608-BA69-427E-BB7B-99861B473211}"
EndProject
Project("{9A19103F-16F7-4668-BE54-9A1E7A4F7556}") = "Algorithms", "Algorithms\Algorithms.csproj", "{31A3A397-94C8-47A6-B686-8C8AF3487470}"
EndProject
Project("{FAE04EC0-301F-11D3-BF4B-00C04F79EFBC}") = "TgimbaAzureFunctionPing", "TgimbaAzureFunctionPing\TgimbaAzureFunctionPing.csproj", "{A9770257-D7DA-4D0A-B169-E8CD66DE77B8}"
EndProject
Global
	GlobalSection(SolutionConfigurationPlatforms) = preSolution
		Debug|Any CPU = Debug|Any CPU
		Release|Any CPU = Release|Any CPU
	EndGlobalSection
	GlobalSection(ProjectConfigurationPlatforms) = postSolution
		{58BDC7AA-EA00-4C14-B9B7-46CEE1521691}.Debug|Any CPU.ActiveCfg = Debug|Any CPU
		{58BDC7AA-EA00-4C14-B9B7-46CEE1521691}.Debug|Any CPU.Build.0 = Debug|Any CPU
		{58BDC7AA-EA00-4C14-B9B7-46CEE1521691}.Release|Any CPU.ActiveCfg = Release|Any CPU
		{58BDC7AA-EA00-4C14-B9B7-46CEE1521691}.Release|Any CPU.Build.0 = Release|Any CPU
		{DF03EF18-F786-4297-81D1-DDE60318AE39}.Debug|Any CPU.ActiveCfg = Debug|Any CPU
		{DF03EF18-F786-4297-81D1-DDE60318AE39}.Debug|Any CPU.Build.0 = Debug|Any CPU
		{DF03EF18-F786-4297-81D1-DDE60318AE39}.Release|Any CPU.ActiveCfg = Release|Any CPU
		{DF03EF18-F786-4297-81D1-DDE60318AE39}.Release|Any CPU.Build.0 = Release|Any CPU
		{7AEC3ADE-D43E-4758-8B57-10125D2CDC87}.Debug|Any CPU.ActiveCfg = Debug|Any CPU
		{7AEC3ADE-D43E-4758-8B57-10125D2CDC87}.Debug|Any CPU.Build.0 = Debug|Any CPU
		{7AEC3ADE-D43E-4758-8B57-10125D2CDC87}.Release|Any CPU.ActiveCfg = Release|Any CPU
		{7AEC3ADE-D43E-4758-8B57-10125D2CDC87}.Release|Any CPU.Build.0 = Release|Any CPU
		{7E8FA25C-A969-4229-BC9F-36BA4BD71187}.Debug|Any CPU.ActiveCfg = Debug|Any CPU
		{7E8FA25C-A969-4229-BC9F-36BA4BD71187}.Debug|Any CPU.Build.0 = Debug|Any CPU
		{7E8FA25C-A969-4229-BC9F-36BA4BD71187}.Release|Any CPU.ActiveCfg = Release|Any CPU
		{7E8FA25C-A969-4229-BC9F-36BA4BD71187}.Release|Any CPU.Build.0 = Release|Any CPU
		{BA8F2896-10F0-41B8-B345-36C33983708B}.Debug|Any CPU.ActiveCfg = Debug|Any CPU
		{BA8F2896-10F0-41B8-B345-36C33983708B}.Debug|Any CPU.Build.0 = Debug|Any CPU
		{BA8F2896-10F0-41B8-B345-36C33983708B}.Release|Any CPU.ActiveCfg = Release|Any CPU
		{BA8F2896-10F0-41B8-B345-36C33983708B}.Release|Any CPU.Build.0 = Release|Any CPU
		{CF678192-CA9C-4ACD-B859-828F35EA5F8B}.Debug|Any CPU.ActiveCfg = Debug|Any CPU
		{CF678192-CA9C-4ACD-B859-828F35EA5F8B}.Debug|Any CPU.Build.0 = Debug|Any CPU
		{CF678192-CA9C-4ACD-B859-828F35EA5F8B}.Release|Any CPU.ActiveCfg = Release|Any CPU
		{CF678192-CA9C-4ACD-B859-828F35EA5F8B}.Release|Any CPU.Build.0 = Release|Any CPU
		{BCE35BDF-40CC-4ACE-9E2C-BF8C412A0C8E}.Debug|Any CPU.ActiveCfg = Debug|Any CPU
		{BCE35BDF-40CC-4ACE-9E2C-BF8C412A0C8E}.Debug|Any CPU.Build.0 = Debug|Any CPU
		{BCE35BDF-40CC-4ACE-9E2C-BF8C412A0C8E}.Release|Any CPU.ActiveCfg = Release|Any CPU
		{BCE35BDF-40CC-4ACE-9E2C-BF8C412A0C8E}.Release|Any CPU.Build.0 = Release|Any CPU
		{1DDCF869-166F-46EA-ADAB-C3168E96B788}.Debug|Any CPU.ActiveCfg = Debug|Any CPU
		{1DDCF869-166F-46EA-ADAB-C3168E96B788}.Debug|Any CPU.Build.0 = Debug|Any CPU
		{1DDCF869-166F-46EA-ADAB-C3168E96B788}.Release|Any CPU.ActiveCfg = Release|Any CPU
		{1DDCF869-166F-46EA-ADAB-C3168E96B788}.Release|Any CPU.Build.0 = Release|Any CPU
		{234F724E-F026-4475-BBFB-924E4F7D4586}.Debug|Any CPU.ActiveCfg = Debug|Any CPU
		{234F724E-F026-4475-BBFB-924E4F7D4586}.Debug|Any CPU.Build.0 = Debug|Any CPU
		{234F724E-F026-4475-BBFB-924E4F7D4586}.Release|Any CPU.ActiveCfg = Release|Any CPU
		{234F724E-F026-4475-BBFB-924E4F7D4586}.Release|Any CPU.Build.0 = Release|Any CPU
		{81334608-BA69-427E-BB7B-99861B473211}.Debug|Any CPU.ActiveCfg = Debug|Any CPU
		{81334608-BA69-427E-BB7B-99861B473211}.Debug|Any CPU.Build.0 = Debug|Any CPU
		{81334608-BA69-427E-BB7B-99861B473211}.Release|Any CPU.ActiveCfg = Release|Any CPU
		{81334608-BA69-427E-BB7B-99861B473211}.Release|Any CPU.Build.0 = Release|Any CPU
		{31A3A397-94C8-47A6-B686-8C8AF3487470}.Debug|Any CPU.ActiveCfg = Debug|Any CPU
		{31A3A397-94C8-47A6-B686-8C8AF3487470}.Debug|Any CPU.Build.0 = Debug|Any CPU
		{31A3A397-94C8-47A6-B686-8C8AF3487470}.Release|Any CPU.ActiveCfg = Release|Any CPU
		{31A3A397-94C8-47A6-B686-8C8AF3487470}.Release|Any CPU.Build.0 = Release|Any CPU
		{A9770257-D7DA-4D0A-B169-E8CD66DE77B8}.Debug|Any CPU.ActiveCfg = Debug|Any CPU
		{A9770257-D7DA-4D0A-B169-E8CD66DE77B8}.Debug|Any CPU.Build.0 = Debug|Any CPU
		{A9770257-D7DA-4D0A-B169-E8CD66DE77B8}.Release|Any CPU.ActiveCfg = Release|Any CPU
		{A9770257-D7DA-4D0A-B169-E8CD66DE77B8}.Release|Any CPU.Build.0 = Release|Any CPU
	EndGlobalSection
	GlobalSection(SolutionProperties) = preSolution
		HideSolutionNode = FALSE
	EndGlobalSection
	GlobalSection(ExtensibilityGlobals) = postSolution
		SolutionGuid = {55A67A5D-9803-4B7C-B6A0-F9E172C7171D}
	EndGlobalSection
EndGlobal
