
Microsoft Visual Studio Solution File, Format Version 12.00
# Visual Studio 15
VisualStudioVersion = 15.0.27130.2010
MinimumVisualStudioVersion = 10.0.40219.1
Project("{9A19103F-16F7-4668-BE54-9A1E7A4F7556}") = "DAL", "DAL\DAL.csproj", "{58BDC7AA-EA00-4C14-B9B7-46CEE1521691}"
EndProject
Project("{9A19103F-16F7-4668-BE54-9A1E7A4F7556}") = "Shared", "Shared\Shared.csproj", "{DF03EF18-F786-4297-81D1-DDE60318AE39}"
EndProject
Project("{9A19103F-16F7-4668-BE54-9A1E7A4F7556}") = "TestsDAL", "TestsDAL\TestsDAL.csproj", "{7AEC3ADE-D43E-4758-8B57-10125D2CDC87}"
EndProject
Project("{2150E333-8FDC-42A3-9474-1A3956D46DE8}") = "Solution Items", "Solution Items", "{4584033D-F538-457D-AB20-588B537A7865}"
	ProjectSection(SolutionItems) = preProject
		FolderProfile.pubxml = FolderProfile.pubxml
		JSTest.dll = JSTest.dll
		tgimbaNetCoreBuild.bat = tgimbaNetCoreBuild.bat
		Todo.txt = Todo.txt
		unzip.php = unzip.php
	EndProjectSection
EndProject
Project("{9A19103F-16F7-4668-BE54-9A1E7A4F7556}") = "API", "API\API.csproj", "{7E8FA25C-A969-4229-BC9F-36BA4BD71187}"
EndProject
Project("{9A19103F-16F7-4668-BE54-9A1E7A4F7556}") = "TestAPI", "TestAPI\TestAPI.csproj", "{BA8F2896-10F0-41B8-B345-36C33983708B}"
EndProject
Project("{9A19103F-16F7-4668-BE54-9A1E7A4F7556}") = "TestsShared", "TestShared\TestsShared.csproj", "{1DDCF869-166F-46EA-ADAB-C3168E96B788}"
EndProject
Project("{9A19103F-16F7-4668-BE54-9A1E7A4F7556}") = "TgimbaNetCoreWebAngular6", "TgimbaNetCoreWebAngular6\TgimbaNetCoreWebAngular6.csproj", "{69050356-4AAB-43EA-90BC-FDF6E2775335}"
EndProject
Project("{9A19103F-16F7-4668-BE54-9A1E7A4F7556}") = "TgimbaNetCoreWebShared", "TgimbaNetCoreWebShared\TgimbaNetCoreWebShared.csproj", "{A8D97F1B-F007-49F7-BAC9-57D4CBA7FC71}"
EndProject
Global
	GlobalSection(SolutionConfigurationPlatforms) = preSolution
		Debug|Any CPU = Debug|Any CPU
		Release|Any CPU = Release|Any CPU
	EndGlobalSection
	GlobalSection(ProjectConfigurationPlatforms) = postSolution
		{58BDC7AA-EA00-4C14-B9B7-46CEE1521691}.Debug|Any CPU.ActiveCfg = Debug|Any CPU
		{58BDC7AA-EA00-4C14-B9B7-46CEE1521691}.Debug|Any CPU.Build.0 = Debug|Any CPU
		{58BDC7AA-EA00-4C14-B9B7-46CEE1521691}.Release|Any CPU.ActiveCfg = Release|Any CPU
		{58BDC7AA-EA00-4C14-B9B7-46CEE1521691}.Release|Any CPU.Build.0 = Release|Any CPU
		{DF03EF18-F786-4297-81D1-DDE60318AE39}.Debug|Any CPU.ActiveCfg = Debug|Any CPU
		{DF03EF18-F786-4297-81D1-DDE60318AE39}.Debug|Any CPU.Build.0 = Debug|Any CPU
		{DF03EF18-F786-4297-81D1-DDE60318AE39}.Release|Any CPU.ActiveCfg = Release|Any CPU
		{DF03EF18-F786-4297-81D1-DDE60318AE39}.Release|Any CPU.Build.0 = Release|Any CPU
		{7AEC3ADE-D43E-4758-8B57-10125D2CDC87}.Debug|Any CPU.ActiveCfg = Debug|Any CPU
		{7AEC3ADE-D43E-4758-8B57-10125D2CDC87}.Debug|Any CPU.Build.0 = Debug|Any CPU
		{7AEC3ADE-D43E-4758-8B57-10125D2CDC87}.Release|Any CPU.ActiveCfg = Release|Any CPU
		{7AEC3ADE-D43E-4758-8B57-10125D2CDC87}.Release|Any CPU.Build.0 = Release|Any CPU
		{7E8FA25C-A969-4229-BC9F-36BA4BD71187}.Debug|Any CPU.ActiveCfg = Debug|Any CPU
		{7E8FA25C-A969-4229-BC9F-36BA4BD71187}.Debug|Any CPU.Build.0 = Debug|Any CPU
		{7E8FA25C-A969-4229-BC9F-36BA4BD71187}.Release|Any CPU.ActiveCfg = Release|Any CPU
		{7E8FA25C-A969-4229-BC9F-36BA4BD71187}.Release|Any CPU.Build.0 = Release|Any CPU
		{BA8F2896-10F0-41B8-B345-36C33983708B}.Debug|Any CPU.ActiveCfg = Debug|Any CPU
		{BA8F2896-10F0-41B8-B345-36C33983708B}.Debug|Any CPU.Build.0 = Debug|Any CPU
		{BA8F2896-10F0-41B8-B345-36C33983708B}.Release|Any CPU.ActiveCfg = Release|Any CPU
		{BA8F2896-10F0-41B8-B345-36C33983708B}.Release|Any CPU.Build.0 = Release|Any CPU
		{1DDCF869-166F-46EA-ADAB-C3168E96B788}.Debug|Any CPU.ActiveCfg = Debug|Any CPU
		{1DDCF869-166F-46EA-ADAB-C3168E96B788}.Debug|Any CPU.Build.0 = Debug|Any CPU
		{1DDCF869-166F-46EA-ADAB-C3168E96B788}.Release|Any CPU.ActiveCfg = Release|Any CPU
		{1DDCF869-166F-46EA-ADAB-C3168E96B788}.Release|Any CPU.Build.0 = Release|Any CPU
		{69050356-4AAB-43EA-90BC-FDF6E2775335}.Debug|Any CPU.ActiveCfg = Debug|Any CPU
		{69050356-4AAB-43EA-90BC-FDF6E2775335}.Debug|Any CPU.Build.0 = Debug|Any CPU
		{69050356-4AAB-43EA-90BC-FDF6E2775335}.Release|Any CPU.ActiveCfg = Release|Any CPU
		{69050356-4AAB-43EA-90BC-FDF6E2775335}.Release|Any CPU.Build.0 = Release|Any CPU
		{A8D97F1B-F007-49F7-BAC9-57D4CBA7FC71}.Debug|Any CPU.ActiveCfg = Debug|Any CPU
		{A8D97F1B-F007-49F7-BAC9-57D4CBA7FC71}.Debug|Any CPU.Build.0 = Debug|Any CPU
		{A8D97F1B-F007-49F7-BAC9-57D4CBA7FC71}.Release|Any CPU.ActiveCfg = Release|Any CPU
		{A8D97F1B-F007-49F7-BAC9-57D4CBA7FC71}.Release|Any CPU.Build.0 = Release|Any CPU
	EndGlobalSection
	GlobalSection(SolutionProperties) = preSolution
		HideSolutionNode = FALSE
	EndGlobalSection
	GlobalSection(ExtensibilityGlobals) = postSolution
		SolutionGuid = {55A67A5D-9803-4B7C-B6A0-F9E172C7171D}
	EndGlobalSection
EndGlobal
