
Microsoft Visual Studio Solution File, Format Version 12.00
# Visual Studio Version 16
VisualStudioVersion = 16.0.29324.140
MinimumVisualStudioVersion = 10.0.40219.1
Project("{9A19103F-16F7-4668-BE54-9A1E7A4F7556}") = "BLLNetCore", "APINetCore\BLLNetCore.csproj", "{927D4B72-2E75-4DD1-9910-4A2417944D36}"
EndProject
Project("{9A19103F-16F7-4668-BE54-9A1E7A4F7556}") = "DALNetCore", "DALNetCore\DALNetCore.csproj", "{42433420-53F8-418B-ACEE-A7B48D463DB2}"
EndProject
Project("{9A19103F-16F7-4668-BE54-9A1E7A4F7556}") = "Algorithms", "Algorithms\Algorithms.csproj", "{7E3BC441-3604-4EAD-834D-C74D14CCBC68}"
EndProject
Project("{9A19103F-16F7-4668-BE54-9A1E7A4F7556}") = "HttpAPINetCore", "HttpAPINetCore\HttpAPINetCore.csproj", "{EC8FBB14-787F-440B-BEC4-7B0E5581DB83}"
EndProject
Project("{9A19103F-16F7-4668-BE54-9A1E7A4F7556}") = "Shared", "Shared\Shared.csproj", "{C6D13D8D-C901-4074-8572-438D84B29C67}"
EndProject
Project("{9A19103F-16F7-4668-BE54-9A1E7A4F7556}") = "TestHttpAPINetCore-Unit", "TestHttpAPINetCore-Unit\TestHttpAPINetCore-Unit.csproj", "{ED763BAF-5789-448E-BF1C-91F74B3B8484}"
EndProject
Project("{9A19103F-16F7-4668-BE54-9A1E7A4F7556}") = "TestsBLLNetCore-Unit", "TestAPINetCore-Unit\TestsBLLNetCore-Unit.csproj", "{FE687C6D-D62B-4B75-A865-0EC2E71B25F4}"
EndProject
Global
	GlobalSection(SolutionConfigurationPlatforms) = preSolution
		Debug|Any CPU = Debug|Any CPU
		Release|Any CPU = Release|Any CPU
	EndGlobalSection
	GlobalSection(ProjectConfigurationPlatforms) = postSolution
		{927D4B72-2E75-4DD1-9910-4A2417944D36}.Debug|Any CPU.ActiveCfg = Debug|Any CPU
		{927D4B72-2E75-4DD1-9910-4A2417944D36}.Debug|Any CPU.Build.0 = Debug|Any CPU
		{927D4B72-2E75-4DD1-9910-4A2417944D36}.Release|Any CPU.ActiveCfg = Release|Any CPU
		{927D4B72-2E75-4DD1-9910-4A2417944D36}.Release|Any CPU.Build.0 = Release|Any CPU
		{42433420-53F8-418B-ACEE-A7B48D463DB2}.Debug|Any CPU.ActiveCfg = Debug|Any CPU
		{42433420-53F8-418B-ACEE-A7B48D463DB2}.Debug|Any CPU.Build.0 = Debug|Any CPU
		{42433420-53F8-418B-ACEE-A7B48D463DB2}.Release|Any CPU.ActiveCfg = Release|Any CPU
		{42433420-53F8-418B-ACEE-A7B48D463DB2}.Release|Any CPU.Build.0 = Release|Any CPU
		{7E3BC441-3604-4EAD-834D-C74D14CCBC68}.Debug|Any CPU.ActiveCfg = Debug|Any CPU
		{7E3BC441-3604-4EAD-834D-C74D14CCBC68}.Debug|Any CPU.Build.0 = Debug|Any CPU
		{7E3BC441-3604-4EAD-834D-C74D14CCBC68}.Release|Any CPU.ActiveCfg = Release|Any CPU
		{7E3BC441-3604-4EAD-834D-C74D14CCBC68}.Release|Any CPU.Build.0 = Release|Any CPU
		{EC8FBB14-787F-440B-BEC4-7B0E5581DB83}.Debug|Any CPU.ActiveCfg = Debug|Any CPU
		{EC8FBB14-787F-440B-BEC4-7B0E5581DB83}.Debug|Any CPU.Build.0 = Debug|Any CPU
		{EC8FBB14-787F-440B-BEC4-7B0E5581DB83}.Release|Any CPU.ActiveCfg = Release|Any CPU
		{EC8FBB14-787F-440B-BEC4-7B0E5581DB83}.Release|Any CPU.Build.0 = Release|Any CPU
		{C6D13D8D-C901-4074-8572-438D84B29C67}.Debug|Any CPU.ActiveCfg = Debug|Any CPU
		{C6D13D8D-C901-4074-8572-438D84B29C67}.Debug|Any CPU.Build.0 = Debug|Any CPU
		{C6D13D8D-C901-4074-8572-438D84B29C67}.Release|Any CPU.ActiveCfg = Release|Any CPU
		{C6D13D8D-C901-4074-8572-438D84B29C67}.Release|Any CPU.Build.0 = Release|Any CPU
		{ED763BAF-5789-448E-BF1C-91F74B3B8484}.Debug|Any CPU.ActiveCfg = Debug|Any CPU
		{ED763BAF-5789-448E-BF1C-91F74B3B8484}.Debug|Any CPU.Build.0 = Debug|Any CPU
		{ED763BAF-5789-448E-BF1C-91F74B3B8484}.Release|Any CPU.ActiveCfg = Release|Any CPU
		{ED763BAF-5789-448E-BF1C-91F74B3B8484}.Release|Any CPU.Build.0 = Release|Any CPU
		{FE687C6D-D62B-4B75-A865-0EC2E71B25F4}.Debug|Any CPU.ActiveCfg = Debug|Any CPU
		{FE687C6D-D62B-4B75-A865-0EC2E71B25F4}.Debug|Any CPU.Build.0 = Debug|Any CPU
		{FE687C6D-D62B-4B75-A865-0EC2E71B25F4}.Release|Any CPU.ActiveCfg = Release|Any CPU
		{FE687C6D-D62B-4B75-A865-0EC2E71B25F4}.Release|Any CPU.Build.0 = Release|Any CPU
	EndGlobalSection
	GlobalSection(SolutionProperties) = preSolution
		HideSolutionNode = FALSE
	EndGlobalSection
	GlobalSection(ExtensibilityGlobals) = postSolution
		SolutionGuid = {34207188-2A7F-41EE-A1C1-94BF2533A207}
	EndGlobalSection
EndGlobal
